// !$*UTF8*$!
{
	archiveVersion = 1;
	classes = {
	};
	objectVersion = 50;
	objects = {

/* Begin PBXBuildFile section */
		186FCCA924D40F6C00BBEC04 /* AppDelegate.m in Sources */ = {isa = PBXBuildFile; fileRef = 186FCCA824D40F6C00BBEC04 /* AppDelegate.m */; };
		186FCCAF24D40F6C00BBEC04 /* ViewController.m in Sources */ = {isa = PBXBuildFile; fileRef = 186FCCAE24D40F6C00BBEC04 /* ViewController.m */; };
		186FCCB224D40F6C00BBEC04 /* Main.storyboard in Resources */ = {isa = PBXBuildFile; fileRef = 186FCCB024D40F6C00BBEC04 /* Main.storyboard */; };
		186FCCB424D40F6F00BBEC04 /* Assets.xcassets in Resources */ = {isa = PBXBuildFile; fileRef = 186FCCB324D40F6F00BBEC04 /* Assets.xcassets */; };
		186FCCB724D40F6F00BBEC04 /* LaunchScreen.storyboard in Resources */ = {isa = PBXBuildFile; fileRef = 186FCCB524D40F6F00BBEC04 /* LaunchScreen.storyboard */; };
		186FCCBA24D40F6F00BBEC04 /* main.m in Sources */ = {isa = PBXBuildFile; fileRef = 186FCCB924D40F6F00BBEC04 /* main.m */; };
		186FCCC224D410D200BBEC04 /* RenderView.m in Sources */ = {isa = PBXBuildFile; fileRef = 186FCCC124D410D200BBEC04 /* RenderView.m */; };
		186FCCC424D4131E00BBEC04 /* test.png in Resources */ = {isa = PBXBuildFile; fileRef = 186FCCC324D4131E00BBEC04 /* test.png */; };
		186FCCC624D413CB00BBEC04 /* shaderf.fsh in Resources */ = {isa = PBXBuildFile; fileRef = 186FCCC524D413CB00BBEC04 /* shaderf.fsh */; };
		186FCCC824D413DF00BBEC04 /* shaderv.vsh in Resources */ = {isa = PBXBuildFile; fileRef = 186FCCC724D413DF00BBEC04 /* shaderv.vsh */; };
/* End PBXBuildFile section */

/* Begin PBXFileReference section */
		186FCCA424D40F6C00BBEC04 /* GLSL_Image_Demo.app */ = {isa = PBXFileReference; explicitFileType = wrapper.application; includeInIndex = 0; path = GLSL_Image_Demo.app; sourceTree = BUILT_PRODUCTS_DIR; };
		186FCCA724D40F6C00BBEC04 /* AppDelegate.h */ = {isa = PBXFileReference; lastKnownFileType = sourcecode.c.h; path = AppDelegate.h; sourceTree = "<group>"; };
		186FCCA824D40F6C00BBEC04 /* AppDelegate.m */ = {isa = PBXFileReference; lastKnownFileType = sourcecode.c.objc; path = AppDelegate.m; sourceTree = "<group>"; };
		186FCCAD24D40F6C00BBEC04 /* ViewController.h */ = {isa = PBXFileReference; lastKnownFileType = sourcecode.c.h; path = ViewController.h; sourceTree = "<group>"; };
		186FCCAE24D40F6C00BBEC04 /* ViewController.m */ = {isa = PBXFileReference; lastKnownFileType = sourcecode.c.objc; path = ViewController.m; sourceTree = "<group>"; };
		186FCCB124D40F6C00BBEC04 /* Base */ = {isa = PBXFileReference; lastKnownFileType = file.storyboard; name = Base; path = Base.lproj/Main.storyboard; sourceTree = "<group>"; };
		186FCCB324D40F6F00BBEC04 /* Assets.xcassets */ = {isa = PBXFileReference; lastKnownFileType = folder.assetcatalog; path = Assets.xcassets; sourceTree = "<group>"; };
		186FCCB624D40F6F00BBEC04 /* Base */ = {isa = PBXFileReference; lastKnownFileType = file.storyboard; name = Base; path = Base.lproj/LaunchScreen.storyboard; sourceTree = "<group>"; };
		186FCCB824D40F6F00BBEC04 /* Info.plist */ = {isa = PBXFileReference; lastKnownFileType = text.plist.xml; path = Info.plist; sourceTree = "<group>"; };
		186FCCB924D40F6F00BBEC04 /* main.m */ = {isa = PBXFileReference; lastKnownFileType = sourcecode.c.objc; path = main.m; sourceTree = "<group>"; };
		186FCCC024D410D200BBEC04 /* RenderView.h */ = {isa = PBXFileReference; lastKnownFileType = sourcecode.c.h; path = RenderView.h; sourceTree = "<group>"; };
		186FCCC124D410D200BBEC04 /* RenderView.m */ = {isa = PBXFileReference; lastKnownFileType = sourcecode.c.objc; path = RenderView.m; sourceTree = "<group>"; };
		186FCCC324D4131E00BBEC04 /* test.png */ = {isa = PBXFileReference; lastKnownFileType = image.png; path = test.png; sourceTree = "<group>"; };
		186FCCC524D413CB00BBEC04 /* shaderf.fsh */ = {isa = PBXFileReference; lastKnownFileType = sourcecode.glsl; path = shaderf.fsh; sourceTree = "<group>"; };
		186FCCC724D413DF00BBEC04 /* shaderv.vsh */ = {isa = PBXFileReference; lastKnownFileType = sourcecode.glsl; path = shaderv.vsh; sourceTree = "<group>"; };
/* End PBXFileReference section */

/* Begin PBXFrameworksBuildPhase section */
		186FCCA124D40F6C00BBEC04 /* Frameworks */ = {
			isa = PBXFrameworksBuildPhase;
			buildActionMask = 2147483647;
			files = (
			);
			runOnlyForDeploymentPostprocessing = 0;
		};
/* End PBXFrameworksBuildPhase section */

/* Begin PBXGroup section */
		186FCC9B24D40F6C00BBEC04 = {
			isa = PBXGroup;
			children = (
				186FCCA624D40F6C00BBEC04 /* GLSL_Image_Demo */,
				186FCCA524D40F6C00BBEC04 /* Products */,
			);
			sourceTree = "<group>";
		};
		186FCCA524D40F6C00BBEC04 /* Products */ = {
			isa = PBXGroup;
			children = (
				186FCCA424D40F6C00BBEC04 /* GLSL_Image_Demo.app */,
			);
			name = Products;
			sourceTree = "<group>";
		};
		186FCCA624D40F6C00BBEC04 /* GLSL_Image_Demo */ = {
			isa = PBXGroup;
			children = (
				186FCCA724D40F6C00BBEC04 /* AppDelegate.h */,
				186FCCA824D40F6C00BBEC04 /* AppDelegate.m */,
				186FCCAD24D40F6C00BBEC04 /* ViewController.h */,
				186FCCAE24D40F6C00BBEC04 /* ViewController.m */,
				186FCCC024D410D200BBEC04 /* RenderView.h */,
				186FCCC124D410D200BBEC04 /* RenderView.m */,
				186FCCC524D413CB00BBEC04 /* shaderf.fsh */,
				186FCCC724D413DF00BBEC04 /* shaderv.vsh */,
				186FCCC324D4131E00BBEC04 /* test.png */,
				186FCCB024D40F6C00BBEC04 /* Main.storyboard */,
				186FCCB324D40F6F00BBEC04 /* Assets.xcassets */,
				186FCCB524D40F6F00BBEC04 /* LaunchScreen.storyboard */,
				186FCCB824D40F6F00BBEC04 /* Info.plist */,
				186FCCB924D40F6F00BBEC04 /* main.m */,
			);
			path = GLSL_Image_Demo;
			sourceTree = "<group>";
		};
/* End PBXGroup section */

/* Begin PBXNativeTarget section */
		186FCCA324D40F6C00BBEC04 /* GLSL_Image_Demo */ = {
			isa = PBXNativeTarget;
			buildConfigurationList = 186FCCBD24D40F6F00BBEC04 /* Build configuration list for PBXNativeTarget "GLSL_Image_Demo" */;
			buildPhases = (
				186FCCA024D40F6C00BBEC04 /* Sources */,
				186FCCA124D40F6C00BBEC04 /* Frameworks */,
				186FCCA224D40F6C00BBEC04 /* Resources */,
			);
			buildRules = (
			);
			dependencies = (
			);
			name = GLSL_Image_Demo;
			productName = GLSL_Image_Demo;
			productReference = 186FCCA424D40F6C00BBEC04 /* GLSL_Image_Demo.app */;
			productType = "com.apple.product-type.application";
		};
/* End PBXNativeTarget section */

/* Begin PBXProject section */
		186FCC9C24D40F6C00BBEC04 /* Project object */ = {
			isa = PBXProject;
			attributes = {
				LastUpgradeCheck = 1140;
				ORGANIZATIONNAME = yinhe;
				TargetAttributes = {
					186FCCA324D40F6C00BBEC04 = {
						CreatedOnToolsVersion = 11.4.1;
					};
				};
			};
			buildConfigurationList = 186FCC9F24D40F6C00BBEC04 /* Build configuration list for PBXProject "GLSL_Image_Demo" */;
			compatibilityVersion = "Xcode 9.3";
			developmentRegion = en;
			hasScannedForEncodings = 0;
			knownRegions = (
				en,
				Base,
			);
			mainGroup = 186FCC9B24D40F6C00BBEC04;
			productRefGroup = 186FCCA524D40F6C00BBEC04 /* Products */;
			projectDirPath = "";
			projectRoot = "";
			targets = (
				186FCCA324D40F6C00BBEC04 /* GLSL_Image_Demo */,
			);
		};
/* End PBXProject section */

/* Begin PBXResourcesBuildPhase section */
		186FCCA224D40F6C00BBEC04 /* Resources */ = {
			isa = PBXResourcesBuildPhase;
			buildActionMask = 2147483647;
			files = (
				186FCCC624D413CB00BBEC04 /* shaderf.fsh in Resources */,
				186FCCC424D4131E00BBEC04 /* test.png in Resources */,
				186FCCB724D40F6F00BBEC04 /* LaunchScreen.storyboard in Resources */,
				186FCCC824D413DF00BBEC04 /* shaderv.vsh in Resources */,
				186FCCB424D40F6F00BBEC04 /* Assets.xcassets in Resources */,
				186FCCB224D40F6C00BBEC04 /* Main.storyboard in Resources */,
			);
			runOnlyForDeploymentPostprocessing = 0;
		};
/* End PBXResourcesBuildPhase section */

/* Begin PBXSourcesBuildPhase section */
		186FCCA024D40F6C00BBEC04 /* Sources */ = {
			isa = PBXSourcesBuildPhase;
			buildActionMask = 2147483647;
			files = (
				186FCCAF24D40F6C00BBEC04 /* ViewController.m in Sources */,
				186FCCA924D40F6C00BBEC04 /* AppDelegate.m in Sources */,
				186FCCC224D410D200BBEC04 /* RenderView.m in Sources */,
				186FCCBA24D40F6F00BBEC04 /* main.m in Sources */,
			);
			runOnlyForDeploymentPostprocessing = 0;
		};
/* End PBXSourcesBuildPhase section */

/* Begin PBXVariantGroup section */
		186FCCB024D40F6C00BBEC04 /* Main.storyboard */ = {
			isa = PBXVariantGroup;
			children = (
				186FCCB124D40F6C00BBEC04 /* Base */,
			);
			name = Main.storyboard;
			sourceTree = "<group>";
		};
		186FCCB524D40F6F00BBEC04 /* LaunchScreen.storyboard */ = {
			isa = PBXVariantGroup;
			children = (
				186FCCB624D40F6F00BBEC04 /* Base */,
			);
			name = LaunchScreen.storyboard;
			sourceTree = "<group>";
		};
/* End PBXVariantGroup section */

/* Begin XCBuildConfiguration section */
		186FCCBB24D40F6F00BBEC04 /* Debug */ = {
			isa = XCBuildConfiguration;
			buildSettings = {
				ALWAYS_SEARCH_USER_PATHS = NO;
				CLANG_ANALYZER_NONNULL = YES;
				CLANG_ANALYZER_NUMBER_OBJECT_CONVERSION = YES_AGGRESSIVE;
				CLANG_CXX_LANGUAGE_STANDARD = "gnu++14";
				CLANG_CXX_LIBRARY = "libc++";
				CLANG_ENABLE_MODULES = YES;
				CLANG_ENABLE_OBJC_ARC = YES;
				CLANG_ENABLE_OBJC_WEAK = YES;
				CLANG_WARN_BLOCK_CAPTURE_AUTORELEASING = YES;
				CLANG_WARN_BOOL_CONVERSION = YES;
				CLANG_WARN_COMMA = YES;
				CLANG_WARN_CONSTANT_CONVERSION = YES;
				CLANG_WARN_DEPRECATED_OBJC_IMPLEMENTATIONS = YES;
				CLANG_WARN_DIRECT_OBJC_ISA_USAGE = YES_ERROR;
				CLANG_WARN_DOCUMENTATION_COMMENTS = YES;
				CLANG_WARN_EMPTY_BODY = YES;
				CLANG_WARN_ENUM_CONVERSION = YES;
				CLANG_WARN_INFINITE_RECURSION = YES;
				CLANG_WARN_INT_CONVERSION = YES;
				CLANG_WARN_NON_LITERAL_NULL_CONVERSION = YES;
				CLANG_WARN_OBJC_IMPLICIT_RETAIN_SELF = YES;
				CLANG_WARN_OBJC_LITERAL_CONVERSION = YES;
				CLANG_WARN_OBJC_ROOT_CLASS = YES_ERROR;
				CLANG_WARN_RANGE_LOOP_ANALYSIS = YES;
				CLANG_WARN_STRICT_PROTOTYPES = YES;
				CLANG_WARN_SUSPICIOUS_MOVE = YES;
				CLANG_WARN_UNGUARDED_AVAILABILITY = YES_AGGRESSIVE;
				CLANG_WARN_UNREACHABLE_CODE = YES;
				CLANG_WARN__DUPLICATE_METHOD_MATCH = YES;
				COPY_PHASE_STRIP = NO;
				DEBUG_INFORMATION_FORMAT = dwarf;
				ENABLE_STRICT_OBJC_MSGSEND = YES;
				ENABLE_TESTABILITY = YES;
				GCC_C_LANGUAGE_STANDARD = gnu11;
				GCC_DYNAMIC_NO_PIC = NO;
				GCC_NO_COMMON_BLOCKS = YES;
				GCC_OPTIMIZATION_LEVEL = 0;
				GCC_PREPROCESSOR_DEFINITIONS = (
					"DEBUG=1",
					"$(inherited)",
				);
				GCC_WARN_64_TO_32_BIT_CONVERSION = YES;
				GCC_WARN_ABOUT_RETURN_TYPE = YES_ERROR;
				GCC_WARN_UNDECLARED_SELECTOR = YES;
				GCC_WARN_UNINITIALIZED_AUTOS = YES_AGGRESSIVE;
				GCC_WARN_UNUSED_FUNCTION = YES;
				GCC_WARN_UNUSED_VARIABLE = YES;
				IPHONEOS_DEPLOYMENT_TARGET = 13.4;
				MTL_ENABLE_DEBUG_INFO = INCLUDE_SOURCE;
				MTL_FAST_MATH = YES;
				ONLY_ACTIVE_ARCH = YES;
				SDKROOT = iphoneos;
			};
			name = Debug;
		};
		186FCCBC24D40F6F00BBEC04 /* Release */ = {
			isa = XCBuildConfiguration;
			buildSettings = {
				ALWAYS_SEARCH_USER_PATHS = NO;
				CLANG_ANALYZER_NONNULL = YES;
				CLANG_ANALYZER_NUMBER_OBJECT_CONVERSION = YES_AGGRESSIVE;
				CLANG_CXX_LANGUAGE_STANDARD = "gnu++14";
				CLANG_CXX_LIBRARY = "libc++";
				CLANG_ENABLE_MODULES = YES;
				CLANG_ENABLE_OBJC_ARC = YES;
				CLANG_ENABLE_OBJC_WEAK = YES;
				CLANG_WARN_BLOCK_CAPTURE_AUTORELEASING = YES;
				CLANG_WARN_BOOL_CONVERSION = YES;
				CLANG_WARN_COMMA = YES;
				CLANG_WARN_CONSTANT_CONVERSION = YES;
				CLANG_WARN_DEPRECATED_OBJC_IMPLEMENTATIONS = YES;
				CLANG_WARN_DIRECT_OBJC_ISA_USAGE = YES_ERROR;
				CLANG_WARN_DOCUMENTATION_COMMENTS = YES;
				CLANG_WARN_EMPTY_BODY = YES;
				CLANG_WARN_ENUM_CONVERSION = YES;
				CLANG_WARN_INFINITE_RECURSION = YES;
				CLANG_WARN_INT_CONVERSION = YES;
				CLANG_WARN_NON_LITERAL_NULL_CONVERSION = YES;
				CLANG_WARN_OBJC_IMPLICIT_RETAIN_SELF = YES;
				CLANG_WARN_OBJC_LITERAL_CONVERSION = YES;
				CLANG_WARN_OBJC_ROOT_CLASS = YES_ERROR;
				CLANG_WARN_RANGE_LOOP_ANALYSIS = YES;
				CLANG_WARN_STRICT_PROTOTYPES = YES;
				CLANG_WARN_SUSPICIOUS_MOVE = YES;
				CLANG_WARN_UNGUARDED_AVAILABILITY = YES_AGGRESSIVE;
				CLANG_WARN_UNREACHABLE_CODE = YES;
				CLANG_WARN__DUPLICATE_METHOD_MATCH = YES;
				COPY_PHASE_STRIP = NO;
				DEBUG_INFORMATION_FORMAT = "dwarf-with-dsym";
				ENABLE_NS_ASSERTIONS = NO;
				ENABLE_STRICT_OBJC_MSGSEND = YES;
				GCC_C_LANGUAGE_STANDARD = gnu11;
				GCC_NO_COMMON_BLOCKS = YES;
				GCC_WARN_64_TO_32_BIT_CONVERSION = YES;
				GCC_WARN_ABOUT_RETURN_TYPE = YES_ERROR;
				GCC_WARN_UNDECLARED_SELECTOR = YES;
				GCC_WARN_UNINITIALIZED_AUTOS = YES_AGGRESSIVE;
				GCC_WARN_UNUSED_FUNCTION = YES;
				GCC_WARN_UNUSED_VARIABLE = YES;
				IPHONEOS_DEPLOYMENT_TARGET = 13.4;
				MTL_ENABLE_DEBUG_INFO = NO;
				MTL_FAST_MATH = YES;
				SDKROOT = iphoneos;
				VALIDATE_PRODUCT = YES;
			};
			name = Release;
		};
		186FCCBE24D40F6F00BBEC04 /* Debug */ = {
			isa = XCBuildConfiguration;
			buildSettings = {
				ASSETCATALOG_COMPILER_APPICON_NAME = AppIcon;
				CODE_SIGN_STYLE = Automatic;
				DEVELOPMENT_TEAM = W642XAJPP4;
				INFOPLIST_FILE = GLSL_Image_Demo/Info.plist;
				IPHONEOS_DEPLOYMENT_TARGET = 9.0;
				LD_RUNPATH_SEARCH_PATHS = (
					"$(inherited)",
					"@executable_path/Frameworks",
				);
				PRODUCT_BUNDLE_IDENTIFIER = "com.jun.GLSL-Image-Demo";
				PRODUCT_NAME = "$(TARGET_NAME)";
				TARGETED_DEVICE_FAMILY = 1;
			};
			name = Debug;
		};
		186FCCBF24D40F6F00BBEC04 /* Release */ = {
			isa = XCBuildConfiguration;
			buildSettings = {
				ASSETCATALOG_COMPILER_APPICON_NAME = AppIcon;
				CODE_SIGN_STYLE = Automatic;
				DEVELOPMENT_TEAM = W642XAJPP4;
				INFOPLIST_FILE = GLSL_Image_Demo/Info.plist;
				IPHONEOS_DEPLOYMENT_TARGET = 9.0;
				LD_RUNPATH_SEARCH_PATHS = (
					"$(inherited)",
					"@executable_path/Frameworks",
				);
				PRODUCT_BUNDLE_IDENTIFIER = "com.jun.GLSL-Image-Demo";
				PRODUCT_NAME = "$(TARGET_NAME)";
				TARGETED_DEVICE_FAMILY = 1;
			};
			name = Release;
		};
/* End XCBuildConfiguration section */

/* Begin XCConfigurationList section */
		186FCC9F24D40F6C00BBEC04 /* Build configuration list for PBXProject "GLSL_Image_Demo" */ = {
			isa = XCConfigurationList;
			buildConfigurations = (
				186FCCBB24D40F6F00BBEC04 /* Debug */,
				186FCCBC24D40F6F00BBEC04 /* Release */,
			);
			defaultConfigurationIsVisible = 0;
			defaultConfigurationName = Release;
		};
		186FCCBD24D40F6F00BBEC04 /* Build configuration list for PBXNativeTarget "GLSL_Image_Demo" */ = {
			isa = XCConfigurationList;
			buildConfigurations = (
				186FCCBE24D40F6F00BBEC04 /* Debug */,
				186FCCBF24D40F6F00BBEC04 /* Release */,
			);
			defaultConfigurationIsVisible = 0;
			defaultConfigurationName = Release;
		};
/* End XCConfigurationList section */
	};
	rootObject = 186FCC9C24D40F6C00BBEC04 /* Project object */;
}
